
Microsoft Visual Studio Solution File, Format Version 12.00
# Visual Studio Version 17
VisualStudioVersion = 17.0.31903.59
MinimumVisualStudioVersion = 10.0.40219.1
Project("{FAE04EC0-301F-11D3-BF4B-00C04F79EFBC}") = "StargateAPI", "StargateAPI\StargateAPI.csproj", "{7EE008C2-D64C-4EF5-A17C-90F4B9CC2EE0}"
EndProject
Project("{FAE04EC0-301F-11D3-BF4B-00C04F79EFBC}") = "StargateAPI.UnitTests", "StargateAPI.UnitTests\StargateAPI.UnitTests.csproj", "{20427124-A5EE-41B0-9D9D-BB1134FB2E83}"
EndProject
Project("{FAE04EC0-301F-11D3-BF4B-00C04F79EFBC}") = "StargateAPI.IntegrationTests", "StargateAPI.IntegrationTests\StargateAPI.IntegrationTests.csproj", "{5E56619D-F71E-4FA2-9B19-39F185DE9DDD}"
EndProject
Global
	GlobalSection(SolutionConfigurationPlatforms) = preSolution
		Debug|Any CPU = Debug|Any CPU
		Release|Any CPU = Release|Any CPU
	EndGlobalSection
	GlobalSection(SolutionProperties) = preSolution
		HideSolutionNode = FALSE
	EndGlobalSection
	GlobalSection(ProjectConfigurationPlatforms) = postSolution
		{7EE008C2-D64C-4EF5-A17C-90F4B9CC2EE0}.Debug|Any CPU.ActiveCfg = Debug|Any CPU
		{7EE008C2-D64C-4EF5-A17C-90F4B9CC2EE0}.Debug|Any CPU.Build.0 = Debug|Any CPU
		{7EE008C2-D64C-4EF5-A17C-90F4B9CC2EE0}.Release|Any CPU.ActiveCfg = Release|Any CPU
		{7EE008C2-D64C-4EF5-A17C-90F4B9CC2EE0}.Release|Any CPU.Build.0 = Release|Any CPU
		{20427124-A5EE-41B0-9D9D-BB1134FB2E83}.Debug|Any CPU.ActiveCfg = Debug|Any CPU
		{20427124-A5EE-41B0-9D9D-BB1134FB2E83}.Debug|Any CPU.Build.0 = Debug|Any CPU
		{20427124-A5EE-41B0-9D9D-BB1134FB2E83}.Release|Any CPU.ActiveCfg = Release|Any CPU
		{20427124-A5EE-41B0-9D9D-BB1134FB2E83}.Release|Any CPU.Build.0 = Release|Any CPU
		{5E56619D-F71E-4FA2-9B19-39F185DE9DDD}.Debug|Any CPU.ActiveCfg = Debug|Any CPU
		{5E56619D-F71E-4FA2-9B19-39F185DE9DDD}.Debug|Any CPU.Build.0 = Debug|Any CPU
		{5E56619D-F71E-4FA2-9B19-39F185DE9DDD}.Release|Any CPU.ActiveCfg = Release|Any CPU
		{5E56619D-F71E-4FA2-9B19-39F185DE9DDD}.Release|Any CPU.Build.0 = Release|Any CPU
	EndGlobalSection
EndGlobal
